
Microsoft Visual Studio Solution File, Format Version 12.00
# Visual Studio Version 16
VisualStudioVersion = 16.0.29509.3
MinimumVisualStudioVersion = 10.0.40219.1
Project("{FAE04EC0-301F-11D3-BF4B-00C04F79EFBC}") = "ecommerce", "ecommerce\ecommerce.csproj", "{84113837-B99A-4637-842B-9564B493EDDD}"
EndProject
Global
	GlobalSection(SolutionConfigurationPlatforms) = preSolution
		Debug|Any CPU = Debug|Any CPU
		Release|Any CPU = Release|Any CPU
	EndGlobalSection
	GlobalSection(ProjectConfigurationPlatforms) = postSolution
		{84113837-B99A-4637-842B-9564B493EDDD}.Debug|Any CPU.ActiveCfg = Debug|Any CPU
		{84113837-B99A-4637-842B-9564B493EDDD}.Debug|Any CPU.Build.0 = Debug|Any CPU
		{84113837-B99A-4637-842B-9564B493EDDD}.Release|Any CPU.ActiveCfg = Release|Any CPU
		{84113837-B99A-4637-842B-9564B493EDDD}.Release|Any CPU.Build.0 = Release|Any CPU
	EndGlobalSection
	GlobalSection(SolutionProperties) = preSolution
		HideSolutionNode = FALSE
	EndGlobalSection
	GlobalSection(ExtensibilityGlobals) = postSolution
		SolutionGuid = {4EBAD3F7-BF1B-4430-8A6E-F54AAB99AF1B}
	EndGlobalSection
EndGlobal
